
Microsoft Visual Studio Solution File, Format Version 12.00
# Visual Studio 15
VisualStudioVersion = 15.0.28307.902
MinimumVisualStudioVersion = 10.0.40219.1
Project("{FAE04EC0-301F-11D3-BF4B-00C04F79EFBC}") = "QFDemoAPI", "QFDemoAPI\QFDemoAPI.csproj", "{4D362B84-6AF2-434D-86F9-52D17C0D3582}"
EndProject
Project("{FAE04EC0-301F-11D3-BF4B-00C04F79EFBC}") = "QFDemoAPITests", "QFDemoAPITests\QFDemoAPITests.csproj", "{2E993626-2FCD-4ED9-9291-E570277F4744}"
EndProject
Global
	GlobalSection(SolutionConfigurationPlatforms) = preSolution
		Debug|Any CPU = Debug|Any CPU
		Release|Any CPU = Release|Any CPU
	EndGlobalSection
	GlobalSection(ProjectConfigurationPlatforms) = postSolution
		{4D362B84-6AF2-434D-86F9-52D17C0D3582}.Debug|Any CPU.ActiveCfg = Debug|Any CPU
		{4D362B84-6AF2-434D-86F9-52D17C0D3582}.Debug|Any CPU.Build.0 = Debug|Any CPU
		{4D362B84-6AF2-434D-86F9-52D17C0D3582}.Release|Any CPU.ActiveCfg = Release|Any CPU
		{4D362B84-6AF2-434D-86F9-52D17C0D3582}.Release|Any CPU.Build.0 = Release|Any CPU
		{2E993626-2FCD-4ED9-9291-E570277F4744}.Debug|Any CPU.ActiveCfg = Debug|Any CPU
		{2E993626-2FCD-4ED9-9291-E570277F4744}.Debug|Any CPU.Build.0 = Debug|Any CPU
		{2E993626-2FCD-4ED9-9291-E570277F4744}.Release|Any CPU.ActiveCfg = Release|Any CPU
		{2E993626-2FCD-4ED9-9291-E570277F4744}.Release|Any CPU.Build.0 = Release|Any CPU
	EndGlobalSection
	GlobalSection(SolutionProperties) = preSolution
		HideSolutionNode = FALSE
	EndGlobalSection
	GlobalSection(ExtensibilityGlobals) = postSolution
		SolutionGuid = {09C76130-9800-42AC-8DCA-95008E890EF1}
	EndGlobalSection
EndGlobal
